dependencies:
- name: postgresql
  repository: https://gitlab-org.gitlab.io/cluster-integration/helm-stable-archive
  version: 0.7.1
- name: redis
  repository: https://charts.helm.sh/stable
  version: 3.8.0
digest: sha256:4f5424220e64b0d512def2d0f5dbf1ba9dee2185fc7e81399a568536b9ccabca
generated: "2021-01-29T14:49:44.31942+03:00"
